{
  "version": 4,
  "terraform_version": "1.15.4",
  "serial": 9,
  "lineage": "acf0cb2d-329e-3a89-0c71-86c1c73101c8",
  "outputs": {},
  "resources": [
    {
      "mode": "managed",
      "type": "aws_ecs_cluster",
      "name": "app",
      "provider": "provider[\"registry.terraform.io/hashicorp/aws\"]",
      "instances": [
        {
          "schema_version": 0,
          "attributes": {
            "arn": "arn:aws:ecs:us-east-1:354130782339:cluster/ai-cloud-webapp-cluster",
            "configuration": [],
            "id": "arn:aws:ecs:us-east-1:354130782339:cluster/ai-cloud-webapp-cluster",
            "name": "ai-cloud-webapp-cluster",
            "service_connect_defaults": [],
            "setting": [
              {
                "name": "containerInsights",
                "value": "enhanced"
              }
            ],
            "tags": {},
            "tags_all": {}
          },
          "sensitive_attributes": [],
          "identity_schema_version": 0,
          "private": "bnVsbA=="
        }
      ]
    }
  ],
  "check_results": null
}
